
Microsoft Visual Studio Solution File, Format Version 12.00
# Visual Studio Version 17
VisualStudioVersion = 17.0.32014.148
MinimumVisualStudioVersion = 10.0.40219.1
Project("{FAE04EC0-301F-11D3-BF4B-00C04F79EFBC}") = "OutlookSafetyChex", "OutlookSafetyChex\OutlookSafetyChex.csproj", "{863D8CD6-7B5D-4D08-BF2C-8CAACDE5F546}"
EndProject
Project("{930C7802-8A8C-48F9-8165-68863BCCD9DD}") = "OutlookSafetyChexSetup", "OutlookSafetyChexSetup\OutlookSafetyChexSetup.wixproj", "{CB11892E-5806-4DDC-BC0C-AC58CA1C0C26}"
	ProjectSection(ProjectDependencies) = postProject
		{863D8CD6-7B5D-4D08-BF2C-8CAACDE5F546} = {863D8CD6-7B5D-4D08-BF2C-8CAACDE5F546}
	EndProjectSection
EndProject
Project("{2150E333-8FDC-42A3-9474-1A3956D46DE8}") = "Solution Items", "Solution Items", "{BEACA0DB-9029-4C7F-8A8D-F399BEAEA01A}"
	ProjectSection(SolutionItems) = preProject
		Outlook Safety Check.pptx = Outlook Safety Check.pptx
	EndProjectSection
EndProject
Global
	GlobalSection(SolutionConfigurationPlatforms) = preSolution
		Debug|Any CPU = Debug|Any CPU
		Debug|x86 = Debug|x86
		Release|Any CPU = Release|Any CPU
		Release|x86 = Release|x86
	EndGlobalSection
	GlobalSection(ProjectConfigurationPlatforms) = postSolution
		{863D8CD6-7B5D-4D08-BF2C-8CAACDE5F546}.Debug|Any CPU.ActiveCfg = Debug|Any CPU
		{863D8CD6-7B5D-4D08-BF2C-8CAACDE5F546}.Debug|Any CPU.Build.0 = Debug|Any CPU
		{863D8CD6-7B5D-4D08-BF2C-8CAACDE5F546}.Debug|x86.ActiveCfg = Debug|Any CPU
		{863D8CD6-7B5D-4D08-BF2C-8CAACDE5F546}.Debug|x86.Build.0 = Debug|Any CPU
		{863D8CD6-7B5D-4D08-BF2C-8CAACDE5F546}.Release|Any CPU.ActiveCfg = Release|Any CPU
		{863D8CD6-7B5D-4D08-BF2C-8CAACDE5F546}.Release|Any CPU.Build.0 = Release|Any CPU
		{863D8CD6-7B5D-4D08-BF2C-8CAACDE5F546}.Release|x86.ActiveCfg = Release|Any CPU
		{863D8CD6-7B5D-4D08-BF2C-8CAACDE5F546}.Release|x86.Build.0 = Release|Any CPU
		{CB11892E-5806-4DDC-BC0C-AC58CA1C0C26}.Debug|Any CPU.ActiveCfg = Debug|x86
		{CB11892E-5806-4DDC-BC0C-AC58CA1C0C26}.Debug|Any CPU.Build.0 = Debug|x86
		{CB11892E-5806-4DDC-BC0C-AC58CA1C0C26}.Debug|x86.ActiveCfg = Debug|x86
		{CB11892E-5806-4DDC-BC0C-AC58CA1C0C26}.Debug|x86.Build.0 = Debug|x86
		{CB11892E-5806-4DDC-BC0C-AC58CA1C0C26}.Release|Any CPU.ActiveCfg = Release|x86
		{CB11892E-5806-4DDC-BC0C-AC58CA1C0C26}.Release|Any CPU.Build.0 = Release|x86
		{CB11892E-5806-4DDC-BC0C-AC58CA1C0C26}.Release|x86.ActiveCfg = Release|x86
		{CB11892E-5806-4DDC-BC0C-AC58CA1C0C26}.Release|x86.Build.0 = Release|x86
	EndGlobalSection
	GlobalSection(SolutionProperties) = preSolution
		HideSolutionNode = FALSE
	EndGlobalSection
	GlobalSection(ExtensibilityGlobals) = postSolution
		SolutionGuid = {61B8C5E7-626A-4535-9FF6-7EE7025ED650}
	EndGlobalSection
EndGlobal
